
Microsoft Visual Studio Solution File, Format Version 12.00
# Visual Studio Version 17
VisualStudioVersion = 17.12.35728.132
MinimumVisualStudioVersion = 10.0.40219.1
Project("{FAE04EC0-301F-11D3-BF4B-00C04F79EFBC}") = "LTU_U15", "LTU_U15.csproj", "{853FFA38-75E0-422C-B4BA-D06ECE007B9A}"
EndProject
Project("{FAE04EC0-301F-11D3-BF4B-00C04F79EFBC}") = "LTU_U15.Tests", "LTU_U15.Tests\LTU_U15.Tests.csproj", "{903C1360-B68C-4E5C-9C1E-A0836C45F0C2}"
EndProject
Global
	GlobalSection(SolutionConfigurationPlatforms) = preSolution
		Debug|Any CPU = Debug|Any CPU
		Debug|x64 = Debug|x64
		Debug|x86 = Debug|x86
		Release|Any CPU = Release|Any CPU
		Release|x64 = Release|x64
		Release|x86 = Release|x86
	EndGlobalSection
	GlobalSection(ProjectConfigurationPlatforms) = postSolution
		{853FFA38-75E0-422C-B4BA-D06ECE007B9A}.Debug|Any CPU.ActiveCfg = Debug|Any CPU
		{853FFA38-75E0-422C-B4BA-D06ECE007B9A}.Debug|Any CPU.Build.0 = Debug|Any CPU
		{853FFA38-75E0-422C-B4BA-D06ECE007B9A}.Debug|x64.ActiveCfg = Debug|Any CPU
		{853FFA38-75E0-422C-B4BA-D06ECE007B9A}.Debug|x64.Build.0 = Debug|Any CPU
		{853FFA38-75E0-422C-B4BA-D06ECE007B9A}.Debug|x86.ActiveCfg = Debug|Any CPU
		{853FFA38-75E0-422C-B4BA-D06ECE007B9A}.Debug|x86.Build.0 = Debug|Any CPU
		{853FFA38-75E0-422C-B4BA-D06ECE007B9A}.Release|Any CPU.ActiveCfg = Release|Any CPU
		{853FFA38-75E0-422C-B4BA-D06ECE007B9A}.Release|Any CPU.Build.0 = Release|Any CPU
		{853FFA38-75E0-422C-B4BA-D06ECE007B9A}.Release|x64.ActiveCfg = Release|Any CPU
		{853FFA38-75E0-422C-B4BA-D06ECE007B9A}.Release|x64.Build.0 = Release|Any CPU
		{853FFA38-75E0-422C-B4BA-D06ECE007B9A}.Release|x86.ActiveCfg = Release|Any CPU
		{853FFA38-75E0-422C-B4BA-D06ECE007B9A}.Release|x86.Build.0 = Release|Any CPU
		{903C1360-B68C-4E5C-9C1E-A0836C45F0C2}.Debug|Any CPU.ActiveCfg = Debug|Any CPU
		{903C1360-B68C-4E5C-9C1E-A0836C45F0C2}.Debug|Any CPU.Build.0 = Debug|Any CPU
		{903C1360-B68C-4E5C-9C1E-A0836C45F0C2}.Debug|x64.ActiveCfg = Debug|Any CPU
		{903C1360-B68C-4E5C-9C1E-A0836C45F0C2}.Debug|x64.Build.0 = Debug|Any CPU
		{903C1360-B68C-4E5C-9C1E-A0836C45F0C2}.Debug|x86.ActiveCfg = Debug|Any CPU
		{903C1360-B68C-4E5C-9C1E-A0836C45F0C2}.Debug|x86.Build.0 = Debug|Any CPU
		{903C1360-B68C-4E5C-9C1E-A0836C45F0C2}.Release|Any CPU.ActiveCfg = Release|Any CPU
		{903C1360-B68C-4E5C-9C1E-A0836C45F0C2}.Release|Any CPU.Build.0 = Release|Any CPU
		{903C1360-B68C-4E5C-9C1E-A0836C45F0C2}.Release|x64.ActiveCfg = Release|Any CPU
		{903C1360-B68C-4E5C-9C1E-A0836C45F0C2}.Release|x64.Build.0 = Release|Any CPU
		{903C1360-B68C-4E5C-9C1E-A0836C45F0C2}.Release|x86.ActiveCfg = Release|Any CPU
		{903C1360-B68C-4E5C-9C1E-A0836C45F0C2}.Release|x86.Build.0 = Release|Any CPU
	EndGlobalSection
	GlobalSection(SolutionProperties) = preSolution
		HideSolutionNode = FALSE
	EndGlobalSection
EndGlobal
